// !$*UTF8*$!
{
	archiveVersion = 1;
	classes = {
	};
	objectVersion = 46;
	objects = {

/* Begin PBXBuildFile section */
		38267A951ABB699500D1EC59 /* EventTableViewCell.m in Sources */ = {isa = PBXBuildFile; fileRef = 38267A941ABB699500D1EC59 /* EventTableViewCell.m */; };
		38267A9B1ABB6B6A00D1EC59 /* Event.m in Sources */ = {isa = PBXBuildFile; fileRef = 38267A9A1ABB6B6A00D1EC59 /* Event.m */; };
		3833267F1AC48FE60014EC86 /* EventIconCollectionViewCell.m in Sources */ = {isa = PBXBuildFile; fileRef = 3833267E1AC48FE60014EC86 /* EventIconCollectionViewCell.m */; };
		383326941AC49A7D0014EC86 /* EventIcon.m in Sources */ = {isa = PBXBuildFile; fileRef = 383326931AC49A7D0014EC86 /* EventIcon.m */; };
		38CCADD11ABB36A40058125A /* main.m in Sources */ = {isa = PBXBuildFile; fileRef = 38CCADD01ABB36A40058125A /* main.m */; };
		38CCADD41ABB36A40058125A /* AppDelegate.m in Sources */ = {isa = PBXBuildFile; fileRef = 38CCADD31ABB36A40058125A /* AppDelegate.m */; };
		38CCADDC1ABB36A40058125A /* Images.xcassets in Resources */ = {isa = PBXBuildFile; fileRef = 38CCADDB1ABB36A40058125A /* Images.xcassets */; };
		38CCADDF1ABB36A40058125A /* LaunchScreen.xib in Resources */ = {isa = PBXBuildFile; fileRef = 38CCADDD1ABB36A40058125A /* LaunchScreen.xib */; };
		38CCADEB1ABB36A40058125A /* LunchBrokeTests.m in Sources */ = {isa = PBXBuildFile; fileRef = 38CCADEA1ABB36A40058125A /* LunchBrokeTests.m */; };
		38CCADFE1ABB38D80058125A /* EventTableViewController.m in Sources */ = {isa = PBXBuildFile; fileRef = 38CCADF51ABB38D80058125A /* EventTableViewController.m */; };
		38CCADFF1ABB38D80058125A /* EventDetailController.m in Sources */ = {isa = PBXBuildFile; fileRef = 38CCADF71ABB38D80058125A /* EventDetailController.m */; };
		38CCAE001ABB38D80058125A /* NewEventTableViewController.m in Sources */ = {isa = PBXBuildFile; fileRef = 38CCADF91ABB38D80058125A /* NewEventTableViewController.m */; };
		38CCAE021ABB38D80058125A /* Locations.m in Sources */ = {isa = PBXBuildFile; fileRef = 38CCADFD1ABB38D80058125A /* Locations.m */; };
		38CCAE041ABB39050058125A /* Main.storyboard in Resources */ = {isa = PBXBuildFile; fileRef = 38CCAE031ABB39050058125A /* Main.storyboard */; };
		3C2143FD1AC1EAE200C9A678 /* MyLoginViewController.m in Sources */ = {isa = PBXBuildFile; fileRef = 3C2143FC1AC1EAE200C9A678 /* MyLoginViewController.m */; };
		3C2144001AC22CA700C9A678 /* MySignUpViewController.m in Sources */ = {isa = PBXBuildFile; fileRef = 3C2143FF1AC22CA700C9A678 /* MySignUpViewController.m */; };
		3C23828C1AC43FBE005F739E /* User.m in Sources */ = {isa = PBXBuildFile; fileRef = 3C23828B1AC43FBE005F739E /* User.m */; };
		3C4C1C061AC084E900361979 /* MapKit.framework in Frameworks */ = {isa = PBXBuildFile; fileRef = 3C4C1C051AC084E900361979 /* MapKit.framework */; };
		3C4C1C081AC084EF00361979 /* CoreLocation.framework in Frameworks */ = {isa = PBXBuildFile; fileRef = 3C4C1C071AC084EF00361979 /* CoreLocation.framework */; };
		3CC467DA1AC0BEEC005075E8 /* fourSquare.m in Sources */ = {isa = PBXBuildFile; fileRef = 3CC467D91AC0BEEC005075E8 /* fourSquare.m */; };
		9DBCDDF2D6641C7068ED3470 /* libPods-LunchBroke.a in Frameworks */ = {isa = PBXBuildFile; fileRef = 64C6A6E43FB3F62EE4463155 /* libPods-LunchBroke.a */; };
/* End PBXBuildFile section */

/* Begin PBXContainerItemProxy section */
		38CCADE51ABB36A40058125A /* PBXContainerItemProxy */ = {
			isa = PBXContainerItemProxy;
			containerPortal = 38CCADC31ABB36A40058125A /* Project object */;
			proxyType = 1;
			remoteGlobalIDString = 38CCADCA1ABB36A40058125A;
			remoteInfo = LunchBroke;
		};
/* End PBXContainerItemProxy section */

/* Begin PBXFileReference section */
		38267A931ABB699500D1EC59 /* EventTableViewCell.h */ = {isa = PBXFileReference; fileEncoding = 4; lastKnownFileType = sourcecode.c.h; path = EventTableViewCell.h; sourceTree = "<group>"; };
		38267A941ABB699500D1EC59 /* EventTableViewCell.m */ = {isa = PBXFileReference; fileEncoding = 4; lastKnownFileType = sourcecode.c.objc; path = EventTableViewCell.m; sourceTree = "<group>"; };
		38267A991ABB6B6A00D1EC59 /* Event.h */ = {isa = PBXFileReference; fileEncoding = 4; lastKnownFileType = sourcecode.c.h; path = Event.h; sourceTree = "<group>"; };
		38267A9A1ABB6B6A00D1EC59 /* Event.m */ = {isa = PBXFileReference; fileEncoding = 4; lastKnownFileType = sourcecode.c.objc; path = Event.m; sourceTree = "<group>"; };
		3833267D1AC48FE60014EC86 /* EventIconCollectionViewCell.h */ = {isa = PBXFileReference; fileEncoding = 4; lastKnownFileType = sourcecode.c.h; path = EventIconCollectionViewCell.h; sourceTree = "<group>"; };
		3833267E1AC48FE60014EC86 /* EventIconCollectionViewCell.m */ = {isa = PBXFileReference; fileEncoding = 4; lastKnownFileType = sourcecode.c.objc; path = EventIconCollectionViewCell.m; sourceTree = "<group>"; };
		383326921AC49A7D0014EC86 /* EventIcon.h */ = {isa = PBXFileReference; fileEncoding = 4; lastKnownFileType = sourcecode.c.h; path = EventIcon.h; sourceTree = "<group>"; };
		383326931AC49A7D0014EC86 /* EventIcon.m */ = {isa = PBXFileReference; fileEncoding = 4; lastKnownFileType = sourcecode.c.objc; path = EventIcon.m; sourceTree = "<group>"; };
		38CCADCB1ABB36A40058125A /* LunchBroke.app */ = {isa = PBXFileReference; explicitFileType = wrapper.application; includeInIndex = 0; path = LunchBroke.app; sourceTree = BUILT_PRODUCTS_DIR; };
		38CCADCF1ABB36A40058125A /* Info.plist */ = {isa = PBXFileReference; lastKnownFileType = text.plist.xml; path = Info.plist; sourceTree = "<group>"; };
		38CCADD01ABB36A40058125A /* main.m */ = {isa = PBXFileReference; lastKnownFileType = sourcecode.c.objc; path = main.m; sourceTree = "<group>"; };
		38CCADD21ABB36A40058125A /* AppDelegate.h */ = {isa = PBXFileReference; lastKnownFileType = sourcecode.c.h; path = AppDelegate.h; sourceTree = "<group>"; };
		38CCADD31ABB36A40058125A /* AppDelegate.m */ = {isa = PBXFileReference; lastKnownFileType = sourcecode.c.objc; path = AppDelegate.m; sourceTree = "<group>"; };
		38CCADDB1ABB36A40058125A /* Images.xcassets */ = {isa = PBXFileReference; lastKnownFileType = folder.assetcatalog; path = Images.xcassets; sourceTree = "<group>"; };
		38CCADDE1ABB36A40058125A /* Base */ = {isa = PBXFileReference; lastKnownFileType = file.xib; name = Base; path = Base.lproj/LaunchScreen.xib; sourceTree = "<group>"; };
		38CCADE41ABB36A40058125A /* LunchBrokeTests.xctest */ = {isa = PBXFileReference; explicitFileType = wrapper.cfbundle; includeInIndex = 0; path = LunchBrokeTests.xctest; sourceTree = BUILT_PRODUCTS_DIR; };
		38CCADE91ABB36A40058125A /* Info.plist */ = {isa = PBXFileReference; lastKnownFileType = text.plist.xml; path = Info.plist; sourceTree = "<group>"; };
		38CCADEA1ABB36A40058125A /* LunchBrokeTests.m */ = {isa = PBXFileReference; lastKnownFileType = sourcecode.c.objc; path = LunchBrokeTests.m; sourceTree = "<group>"; };
		38CCADF41ABB38D80058125A /* EventTableViewController.h */ = {isa = PBXFileReference; fileEncoding = 4; lastKnownFileType = sourcecode.c.h; path = EventTableViewController.h; sourceTree = "<group>"; };
		38CCADF51ABB38D80058125A /* EventTableViewController.m */ = {isa = PBXFileReference; fileEncoding = 4; lastKnownFileType = sourcecode.c.objc; path = EventTableViewController.m; sourceTree = "<group>"; };
		38CCADF61ABB38D80058125A /* EventDetailController.h */ = {isa = PBXFileReference; fileEncoding = 4; lastKnownFileType = sourcecode.c.h; path = EventDetailController.h; sourceTree = "<group>"; };
		38CCADF71ABB38D80058125A /* EventDetailController.m */ = {isa = PBXFileReference; fileEncoding = 4; lastKnownFileType = sourcecode.c.objc; path = EventDetailController.m; sourceTree = "<group>"; };
		38CCADF81ABB38D80058125A /* NewEventTableViewController.h */ = {isa = PBXFileReference; fileEncoding = 4; lastKnownFileType = sourcecode.c.h; path = NewEventTableViewController.h; sourceTree = "<group>"; };
		38CCADF91ABB38D80058125A /* NewEventTableViewController.m */ = {isa = PBXFileReference; fileEncoding = 4; lastKnownFileType = sourcecode.c.objc; path = NewEventTableViewController.m; sourceTree = "<group>"; };
		38CCADFC1ABB38D80058125A /* Locations.h */ = {isa = PBXFileReference; fileEncoding = 4; lastKnownFileType = sourcecode.c.h; path = Locations.h; sourceTree = "<group>"; };
		38CCADFD1ABB38D80058125A /* Locations.m */ = {isa = PBXFileReference; fileEncoding = 4; lastKnownFileType = sourcecode.c.objc; path = Locations.m; sourceTree = "<group>"; };
		38CCAE031ABB39050058125A /* Main.storyboard */ = {isa = PBXFileReference; fileEncoding = 4; lastKnownFileType = file.storyboard; path = Main.storyboard; sourceTree = "<group>"; };
		3C2143FB1AC1EAE200C9A678 /* MyLoginViewController.h */ = {isa = PBXFileReference; fileEncoding = 4; lastKnownFileType = sourcecode.c.h; path = MyLoginViewController.h; sourceTree = "<group>"; };
		3C2143FC1AC1EAE200C9A678 /* MyLoginViewController.m */ = {isa = PBXFileReference; fileEncoding = 4; lastKnownFileType = sourcecode.c.objc; path = MyLoginViewController.m; sourceTree = "<group>"; };
		3C2143FE1AC22CA700C9A678 /* MySignUpViewController.h */ = {isa = PBXFileReference; fileEncoding = 4; lastKnownFileType = sourcecode.c.h; path = MySignUpViewController.h; sourceTree = "<group>"; };
		3C2143FF1AC22CA700C9A678 /* MySignUpViewController.m */ = {isa = PBXFileReference; fileEncoding = 4; lastKnownFileType = sourcecode.c.objc; path = MySignUpViewController.m; sourceTree = "<group>"; };
		3C23828A1AC43FBE005F739E /* User.h */ = {isa = PBXFileReference; fileEncoding = 4; lastKnownFileType = sourcecode.c.h; path = User.h; sourceTree = "<group>"; };
		3C23828B1AC43FBE005F739E /* User.m */ = {isa = PBXFileReference; fileEncoding = 4; lastKnownFileType = sourcecode.c.objc; path = User.m; sourceTree = "<group>"; };
		3C4C1C051AC084E900361979 /* MapKit.framework */ = {isa = PBXFileReference; lastKnownFileType = wrapper.framework; name = MapKit.framework; path = System/Library/Frameworks/MapKit.framework; sourceTree = SDKROOT; };
		3C4C1C071AC084EF00361979 /* CoreLocation.framework */ = {isa = PBXFileReference; lastKnownFileType = wrapper.framework; name = CoreLocation.framework; path = System/Library/Frameworks/CoreLocation.framework; sourceTree = SDKROOT; };
		3CC467D81AC0BEEC005075E8 /* fourSquare.h */ = {isa = PBXFileReference; fileEncoding = 4; lastKnownFileType = sourcecode.c.h; path = fourSquare.h; sourceTree = "<group>"; };
		3CC467D91AC0BEEC005075E8 /* fourSquare.m */ = {isa = PBXFileReference; fileEncoding = 4; lastKnownFileType = sourcecode.c.objc; path = fourSquare.m; sourceTree = "<group>"; };
		64C6A6E43FB3F62EE4463155 /* libPods-LunchBroke.a */ = {isa = PBXFileReference; explicitFileType = archive.ar; includeInIndex = 0; path = "libPods-LunchBroke.a"; sourceTree = BUILT_PRODUCTS_DIR; };
		95D1EDED09F3D1DA8CDF4CB2 /* Pods-LunchBroke.debug.xcconfig */ = {isa = PBXFileReference; includeInIndex = 1; lastKnownFileType = text.xcconfig; name = "Pods-LunchBroke.debug.xcconfig"; path = "Pods/Target Support Files/Pods-LunchBroke/Pods-LunchBroke.debug.xcconfig"; sourceTree = "<group>"; };
		E828165CDE2157D7440DD6BE /* Pods-LunchBroke.release.xcconfig */ = {isa = PBXFileReference; includeInIndex = 1; lastKnownFileType = text.xcconfig; name = "Pods-LunchBroke.release.xcconfig"; path = "Pods/Target Support Files/Pods-LunchBroke/Pods-LunchBroke.release.xcconfig"; sourceTree = "<group>"; };
/* End PBXFileReference section */

/* Begin PBXFrameworksBuildPhase section */
		38CCADC81ABB36A40058125A /* Frameworks */ = {
			isa = PBXFrameworksBuildPhase;
			buildActionMask = 2147483647;
			files = (
				3C4C1C081AC084EF00361979 /* CoreLocation.framework in Frameworks */,
				3C4C1C061AC084E900361979 /* MapKit.framework in Frameworks */,
				9DBCDDF2D6641C7068ED3470 /* libPods-LunchBroke.a in Frameworks */,
			);
			runOnlyForDeploymentPostprocessing = 0;
		};
		38CCADE11ABB36A40058125A /* Frameworks */ = {
			isa = PBXFrameworksBuildPhase;
			buildActionMask = 2147483647;
			files = (
			);
			runOnlyForDeploymentPostprocessing = 0;
		};
/* End PBXFrameworksBuildPhase section */

/* Begin PBXGroup section */
		19B9A3C11A64D30CFA15EB7D /* Frameworks */ = {
			isa = PBXGroup;
			children = (
				3C4C1C071AC084EF00361979 /* CoreLocation.framework */,
				3C4C1C051AC084E900361979 /* MapKit.framework */,
				64C6A6E43FB3F62EE4463155 /* libPods-LunchBroke.a */,
			);
			name = Frameworks;
			sourceTree = "<group>";
		};
		38267A961ABB699C00D1EC59 /* Models */ = {
			isa = PBXGroup;
			children = (
				383326921AC49A7D0014EC86 /* EventIcon.h */,
				383326931AC49A7D0014EC86 /* EventIcon.m */,
				3CC467D81AC0BEEC005075E8 /* fourSquare.h */,
				3CC467D91AC0BEEC005075E8 /* fourSquare.m */,
				38CCADFC1ABB38D80058125A /* Locations.h */,
				38CCADFD1ABB38D80058125A /* Locations.m */,
				38267A991ABB6B6A00D1EC59 /* Event.h */,
				38267A9A1ABB6B6A00D1EC59 /* Event.m */,
				3C23828A1AC43FBE005F739E /* User.h */,
				3C23828B1AC43FBE005F739E /* User.m */,
			);
			name = Models;
			sourceTree = "<group>";
		};
		38267A971ABB69A200D1EC59 /* Views */ = {
			isa = PBXGroup;
			children = (
				3833267D1AC48FE60014EC86 /* EventIconCollectionViewCell.h */,
				3833267E1AC48FE60014EC86 /* EventIconCollectionViewCell.m */,
				38267A931ABB699500D1EC59 /* EventTableViewCell.h */,
				38267A941ABB699500D1EC59 /* EventTableViewCell.m */,
			);
			name = Views;
			sourceTree = "<group>";
		};
		38267A981ABB69A600D1EC59 /* Controllers */ = {
			isa = PBXGroup;
			children = (
				38CCADF41ABB38D80058125A /* EventTableViewController.h */,
				38CCADF51ABB38D80058125A /* EventTableViewController.m */,
				38CCADF61ABB38D80058125A /* EventDetailController.h */,
				38CCADF71ABB38D80058125A /* EventDetailController.m */,
				38CCADF81ABB38D80058125A /* NewEventTableViewController.h */,
				38CCADF91ABB38D80058125A /* NewEventTableViewController.m */,
				3C2143FB1AC1EAE200C9A678 /* MyLoginViewController.h */,
				3C2143FC1AC1EAE200C9A678 /* MyLoginViewController.m */,
				3C2143FE1AC22CA700C9A678 /* MySignUpViewController.h */,
				3C2143FF1AC22CA700C9A678 /* MySignUpViewController.m */,
			);
			name = Controllers;
			sourceTree = "<group>";
		};
		38CCADC21ABB36A40058125A = {
			isa = PBXGroup;
			children = (
				38CCADCD1ABB36A40058125A /* LunchBroke */,
				38CCADE71ABB36A40058125A /* LunchBrokeTests */,
				38CCADCC1ABB36A40058125A /* Products */,
				771CC370037316E4E09CDC95 /* Pods */,
				19B9A3C11A64D30CFA15EB7D /* Frameworks */,
			);
			sourceTree = "<group>";
		};
		38CCADCC1ABB36A40058125A /* Products */ = {
			isa = PBXGroup;
			children = (
				38CCADCB1ABB36A40058125A /* LunchBroke.app */,
				38CCADE41ABB36A40058125A /* LunchBrokeTests.xctest */,
			);
			name = Products;
			sourceTree = "<group>";
		};
		38CCADCD1ABB36A40058125A /* LunchBroke */ = {
			isa = PBXGroup;
			children = (
				38CCAE031ABB39050058125A /* Main.storyboard */,
				38CCADD21ABB36A40058125A /* AppDelegate.h */,
				38CCADD31ABB36A40058125A /* AppDelegate.m */,
				38CCADDB1ABB36A40058125A /* Images.xcassets */,
				38CCADDD1ABB36A40058125A /* LaunchScreen.xib */,
				38267A981ABB69A600D1EC59 /* Controllers */,
				38267A971ABB69A200D1EC59 /* Views */,
				38267A961ABB699C00D1EC59 /* Models */,
				38CCADCE1ABB36A40058125A /* Supporting Files */,
			);
			path = LunchBroke;
			sourceTree = "<group>";
		};
		38CCADCE1ABB36A40058125A /* Supporting Files */ = {
			isa = PBXGroup;
			children = (
				38CCADCF1ABB36A40058125A /* Info.plist */,
				38CCADD01ABB36A40058125A /* main.m */,
			);
			name = "Supporting Files";
			sourceTree = "<group>";
		};
		38CCADE71ABB36A40058125A /* LunchBrokeTests */ = {
			isa = PBXGroup;
			children = (
				38CCADEA1ABB36A40058125A /* LunchBrokeTests.m */,
				38CCADE81ABB36A40058125A /* Supporting Files */,
			);
			path = LunchBrokeTests;
			sourceTree = "<group>";
		};
		38CCADE81ABB36A40058125A /* Supporting Files */ = {
			isa = PBXGroup;
			children = (
				38CCADE91ABB36A40058125A /* Info.plist */,
			);
			name = "Supporting Files";
			sourceTree = "<group>";
		};
		771CC370037316E4E09CDC95 /* Pods */ = {
			isa = PBXGroup;
			children = (
				95D1EDED09F3D1DA8CDF4CB2 /* Pods-LunchBroke.debug.xcconfig */,
				E828165CDE2157D7440DD6BE /* Pods-LunchBroke.release.xcconfig */,
			);
			name = Pods;
			sourceTree = "<group>";
		};
/* End PBXGroup section */

/* Begin PBXNativeTarget section */
		38CCADCA1ABB36A40058125A /* LunchBroke */ = {
			isa = PBXNativeTarget;
			buildConfigurationList = 38CCADEE1ABB36A40058125A /* Build configuration list for PBXNativeTarget "LunchBroke" */;
			buildPhases = (
				FC90F5777FE8136F1E0950B0 /* Check Pods Manifest.lock */,
				38CCADC71ABB36A40058125A /* Sources */,
				38CCADC81ABB36A40058125A /* Frameworks */,
				38CCADC91ABB36A40058125A /* Resources */,
				EBE9F76D59C5E4E897AF5413 /* Copy Pods Resources */,
			);
			buildRules = (
			);
			dependencies = (
			);
			name = LunchBroke;
			productName = LunchBroke;
			productReference = 38CCADCB1ABB36A40058125A /* LunchBroke.app */;
			productType = "com.apple.product-type.application";
		};
		38CCADE31ABB36A40058125A /* LunchBrokeTests */ = {
			isa = PBXNativeTarget;
			buildConfigurationList = 38CCADF11ABB36A40058125A /* Build configuration list for PBXNativeTarget "LunchBrokeTests" */;
			buildPhases = (
				38CCADE01ABB36A40058125A /* Sources */,
				38CCADE11ABB36A40058125A /* Frameworks */,
				38CCADE21ABB36A40058125A /* Resources */,
			);
			buildRules = (
			);
			dependencies = (
				38CCADE61ABB36A40058125A /* PBXTargetDependency */,
			);
			name = LunchBrokeTests;
			productName = LunchBrokeTests;
			productReference = 38CCADE41ABB36A40058125A /* LunchBrokeTests.xctest */;
			productType = "com.apple.product-type.bundle.unit-test";
		};
/* End PBXNativeTarget section */

/* Begin PBXProject section */
		38CCADC31ABB36A40058125A /* Project object */ = {
			isa = PBXProject;
			attributes = {
				LastUpgradeCheck = 0620;
				ORGANIZATIONNAME = "Joseph Smalls-Mantey";
				TargetAttributes = {
					38CCADCA1ABB36A40058125A = {
						CreatedOnToolsVersion = 6.2;
						DevelopmentTeam = 9RXLE5FXUN;
					};
					38CCADE31ABB36A40058125A = {
						CreatedOnToolsVersion = 6.2;
						TestTargetID = 38CCADCA1ABB36A40058125A;
					};
				};
			};
			buildConfigurationList = 38CCADC61ABB36A40058125A /* Build configuration list for PBXProject "LunchBroke" */;
			compatibilityVersion = "Xcode 3.2";
			developmentRegion = English;
			hasScannedForEncodings = 0;
			knownRegions = (
				en,
				Base,
			);
			mainGroup = 38CCADC21ABB36A40058125A;
			productRefGroup = 38CCADCC1ABB36A40058125A /* Products */;
			projectDirPath = "";
			projectRoot = "";
			targets = (
				38CCADCA1ABB36A40058125A /* LunchBroke */,
				38CCADE31ABB36A40058125A /* LunchBrokeTests */,
			);
		};
/* End PBXProject section */

/* Begin PBXResourcesBuildPhase section */
		38CCADC91ABB36A40058125A /* Resources */ = {
			isa = PBXResourcesBuildPhase;
			buildActionMask = 2147483647;
			files = (
				38CCAE041ABB39050058125A /* Main.storyboard in Resources */,
				38CCADDF1ABB36A40058125A /* LaunchScreen.xib in Resources */,
				38CCADDC1ABB36A40058125A /* Images.xcassets in Resources */,
			);
			runOnlyForDeploymentPostprocessing = 0;
		};
		38CCADE21ABB36A40058125A /* Resources */ = {
			isa = PBXResourcesBuildPhase;
			buildActionMask = 2147483647;
			files = (
			);
			runOnlyForDeploymentPostprocessing = 0;
		};
/* End PBXResourcesBuildPhase section */

/* Begin PBXShellScriptBuildPhase section */
		EBE9F76D59C5E4E897AF5413 /* Copy Pods Resources */ = {
			isa = PBXShellScriptBuildPhase;
			buildActionMask = 2147483647;
			files = (
			);
			inputPaths = (
			);
			name = "Copy Pods Resources";
			outputPaths = (
			);
			runOnlyForDeploymentPostprocessing = 0;
			shellPath = /bin/sh;
			shellScript = "\"${SRCROOT}/Pods/Target Support Files/Pods-LunchBroke/Pods-LunchBroke-resources.sh\"\n";
			showEnvVarsInLog = 0;
		};
		FC90F5777FE8136F1E0950B0 /* Check Pods Manifest.lock */ = {
			isa = PBXShellScriptBuildPhase;
			buildActionMask = 2147483647;
			files = (
			);
			inputPaths = (
			);
			name = "Check Pods Manifest.lock";
			outputPaths = (
			);
			runOnlyForDeploymentPostprocessing = 0;
			shellPath = /bin/sh;
			shellScript = "diff \"${PODS_ROOT}/../Podfile.lock\" \"${PODS_ROOT}/Manifest.lock\" > /dev/null\nif [[ $? != 0 ]] ; then\n    cat << EOM\nerror: The sandbox is not in sync with the Podfile.lock. Run 'pod install' or update your CocoaPods installation.\nEOM\n    exit 1\nfi\n";
			showEnvVarsInLog = 0;
		};
/* End PBXShellScriptBuildPhase section */

/* Begin PBXSourcesBuildPhase section */
		38CCADC71ABB36A40058125A /* Sources */ = {
			isa = PBXSourcesBuildPhase;
			buildActionMask = 2147483647;
			files = (
				38CCADFF1ABB38D80058125A /* EventDetailController.m in Sources */,
				38CCAE001ABB38D80058125A /* NewEventTableViewController.m in Sources */,
				3C2143FD1AC1EAE200C9A678 /* MyLoginViewController.m in Sources */,
				38267A9B1ABB6B6A00D1EC59 /* Event.m in Sources */,
				38267A951ABB699500D1EC59 /* EventTableViewCell.m in Sources */,
				38CCAE021ABB38D80058125A /* Locations.m in Sources */,
				38CCADFE1ABB38D80058125A /* EventTableViewController.m in Sources */,
				38CCADD41ABB36A40058125A /* AppDelegate.m in Sources */,
				3C23828C1AC43FBE005F739E /* User.m in Sources */,
				383326941AC49A7D0014EC86 /* EventIcon.m in Sources */,
				3833267F1AC48FE60014EC86 /* EventIconCollectionViewCell.m in Sources */,
				3CC467DA1AC0BEEC005075E8 /* fourSquare.m in Sources */,
				38CCADD11ABB36A40058125A /* main.m in Sources */,
				3C2144001AC22CA700C9A678 /* MySignUpViewController.m in Sources */,
			);
			runOnlyForDeploymentPostprocessing = 0;
		};
		38CCADE01ABB36A40058125A /* Sources */ = {
			isa = PBXSourcesBuildPhase;
			buildActionMask = 2147483647;
			files = (
				38CCADEB1ABB36A40058125A /* LunchBrokeTests.m in Sources */,
			);
			runOnlyForDeploymentPostprocessing = 0;
		};
/* End PBXSourcesBuildPhase section */

/* Begin PBXTargetDependency section */
		38CCADE61ABB36A40058125A /* PBXTargetDependency */ = {
			isa = PBXTargetDependency;
			target = 38CCADCA1ABB36A40058125A /* LunchBroke */;
			targetProxy = 38CCADE51ABB36A40058125A /* PBXContainerItemProxy */;
		};
/* End PBXTargetDependency section */

/* Begin PBXVariantGroup section */
		38CCADDD1ABB36A40058125A /* LaunchScreen.xib */ = {
			isa = PBXVariantGroup;
			children = (
				38CCADDE1ABB36A40058125A /* Base */,
			);
			name = LaunchScreen.xib;
			sourceTree = "<group>";
		};
/* End PBXVariantGroup section */

/* Begin XCBuildConfiguration section */
		38CCADEC1ABB36A40058125A /* Debug */ = {
			isa = XCBuildConfiguration;
			buildSettings = {
				ALWAYS_SEARCH_USER_PATHS = NO;
				CLANG_CXX_LANGUAGE_STANDARD = "gnu++0x";
				CLANG_CXX_LIBRARY = "libc++";
				CLANG_ENABLE_MODULES = YES;
				CLANG_ENABLE_OBJC_ARC = YES;
				CLANG_WARN_BOOL_CONVERSION = YES;
				CLANG_WARN_CONSTANT_CONVERSION = YES;
				CLANG_WARN_DIRECT_OBJC_ISA_USAGE = YES_ERROR;
				CLANG_WARN_EMPTY_BODY = YES;
				CLANG_WARN_ENUM_CONVERSION = YES;
				CLANG_WARN_INT_CONVERSION = YES;
				CLANG_WARN_OBJC_ROOT_CLASS = YES_ERROR;
				CLANG_WARN_UNREACHABLE_CODE = YES;
				CLANG_WARN__DUPLICATE_METHOD_MATCH = YES;
				"CODE_SIGN_IDENTITY[sdk=iphoneos*]" = "iPhone Developer";
				COPY_PHASE_STRIP = NO;
				ENABLE_STRICT_OBJC_MSGSEND = YES;
				GCC_C_LANGUAGE_STANDARD = gnu99;
				GCC_DYNAMIC_NO_PIC = NO;
				GCC_OPTIMIZATION_LEVEL = 0;
				GCC_PREPROCESSOR_DEFINITIONS = (
					"DEBUG=1",
					"$(inherited)",
				);
				GCC_SYMBOLS_PRIVATE_EXTERN = NO;
				GCC_WARN_64_TO_32_BIT_CONVERSION = YES;
				GCC_WARN_ABOUT_RETURN_TYPE = YES_ERROR;
				GCC_WARN_UNDECLARED_SELECTOR = YES;
				GCC_WARN_UNINITIALIZED_AUTOS = YES_AGGRESSIVE;
				GCC_WARN_UNUSED_FUNCTION = YES;
				GCC_WARN_UNUSED_VARIABLE = YES;
				IPHONEOS_DEPLOYMENT_TARGET = 8.2;
				MTL_ENABLE_DEBUG_INFO = YES;
				ONLY_ACTIVE_ARCH = YES;
				SDKROOT = iphoneos;
				TARGETED_DEVICE_FAMILY = "1,2";
			};
			name = Debug;
		};
		38CCADED1ABB36A40058125A /* Release */ = {
			isa = XCBuildConfiguration;
			buildSettings = {
				ALWAYS_SEARCH_USER_PATHS = NO;
				CLANG_CXX_LANGUAGE_STANDARD = "gnu++0x";
				CLANG_CXX_LIBRARY = "libc++";
				CLANG_ENABLE_MODULES = YES;
				CLANG_ENABLE_OBJC_ARC = YES;
				CLANG_WARN_BOOL_CONVERSION = YES;
				CLANG_WARN_CONSTANT_CONVERSION = YES;
				CLANG_WARN_DIRECT_OBJC_ISA_USAGE = YES_ERROR;
				CLANG_WARN_EMPTY_BODY = YES;
				CLANG_WARN_ENUM_CONVERSION = YES;
				CLANG_WARN_INT_CONVERSION = YES;
				CLANG_WARN_OBJC_ROOT_CLASS = YES_ERROR;
				CLANG_WARN_UNREACHABLE_CODE = YES;
				CLANG_WARN__DUPLICATE_METHOD_MATCH = YES;
				"CODE_SIGN_IDENTITY[sdk=iphoneos*]" = "iPhone Developer";
				COPY_PHASE_STRIP = NO;
				ENABLE_NS_ASSERTIONS = NO;
				ENABLE_STRICT_OBJC_MSGSEND = YES;
				GCC_C_LANGUAGE_STANDARD = gnu99;
				GCC_WARN_64_TO_32_BIT_CONVERSION = YES;
				GCC_WARN_ABOUT_RETURN_TYPE = YES_ERROR;
				GCC_WARN_UNDECLARED_SELECTOR = YES;
				GCC_WARN_UNINITIALIZED_AUTOS = YES_AGGRESSIVE;
				GCC_WARN_UNUSED_FUNCTION = YES;
				GCC_WARN_UNUSED_VARIABLE = YES;
				IPHONEOS_DEPLOYMENT_TARGET = 8.2;
				MTL_ENABLE_DEBUG_INFO = NO;
				SDKROOT = iphoneos;
				TARGETED_DEVICE_FAMILY = "1,2";
				VALIDATE_PRODUCT = YES;
			};
			name = Release;
		};
		38CCADEF1ABB36A40058125A /* Debug */ = {
			isa = XCBuildConfiguration;
			baseConfigurationReference = 95D1EDED09F3D1DA8CDF4CB2 /* Pods-LunchBroke.debug.xcconfig */;
			buildSettings = {
				ASSETCATALOG_COMPILER_APPICON_NAME = AppIcon;
				CODE_SIGN_IDENTITY = "iPhone Developer";
				INFOPLIST_FILE = LunchBroke/Info.plist;
				LD_RUNPATH_SEARCH_PATHS = "$(inherited) @executable_path/Frameworks";
				PRODUCT_NAME = "$(TARGET_NAME)";
			};
			name = Debug;
		};
		38CCADF01ABB36A40058125A /* Release */ = {
			isa = XCBuildConfiguration;
			baseConfigurationReference = E828165CDE2157D7440DD6BE /* Pods-LunchBroke.release.xcconfig */;
			buildSettings = {
				ASSETCATALOG_COMPILER_APPICON_NAME = AppIcon;
				CODE_SIGN_IDENTITY = "iPhone Developer";
				INFOPLIST_FILE = LunchBroke/Info.plist;
				LD_RUNPATH_SEARCH_PATHS = "$(inherited) @executable_path/Frameworks";
				PRODUCT_NAME = "$(TARGET_NAME)";
			};
			name = Release;
		};
		38CCADF21ABB36A40058125A /* Debug */ = {
			isa = XCBuildConfiguration;
			buildSettings = {
				BUNDLE_LOADER = "$(TEST_HOST)";
				FRAMEWORK_SEARCH_PATHS = (
					"$(SDKROOT)/Developer/Library/Frameworks",
					"$(inherited)",
				);
				GCC_PREPROCESSOR_DEFINITIONS = (
					"DEBUG=1",
					"$(inherited)",
				);
				INFOPLIST_FILE = LunchBrokeTests/Info.plist;
				LD_RUNPATH_SEARCH_PATHS = "$(inherited) @executable_path/Frameworks @loader_path/Frameworks";
				PRODUCT_NAME = "$(TARGET_NAME)";
				TEST_HOST = "$(BUILT_PRODUCTS_DIR)/LunchBroke.app/LunchBroke";
			};
			name = Debug;
		};
		38CCADF31ABB36A40058125A /* Release */ = {
			isa = XCBuildConfiguration;
			buildSettings = {
				BUNDLE_LOADER = "$(TEST_HOST)";
				FRAMEWORK_SEARCH_PATHS = (
					"$(SDKROOT)/Developer/Library/Frameworks",
					"$(inherited)",
				);
				INFOPLIST_FILE = LunchBrokeTests/Info.plist;
				LD_RUNPATH_SEARCH_PATHS = "$(inherited) @executable_path/Frameworks @loader_path/Frameworks";
				PRODUCT_NAME = "$(TARGET_NAME)";
				TEST_HOST = "$(BUILT_PRODUCTS_DIR)/LunchBroke.app/LunchBroke";
			};
			name = Release;
		};
/* End XCBuildConfiguration section */

/* Begin XCConfigurationList section */
		38CCADC61ABB36A40058125A /* Build configuration list for PBXProject "LunchBroke" */ = {
			isa = XCConfigurationList;
			buildConfigurations = (
				38CCADEC1ABB36A40058125A /* Debug */,
				38CCADED1ABB36A40058125A /* Release */,
			);
			defaultConfigurationIsVisible = 0;
			defaultConfigurationName = Release;
		};
		38CCADEE1ABB36A40058125A /* Build configuration list for PBXNativeTarget "LunchBroke" */ = {
			isa = XCConfigurationList;
			buildConfigurations = (
				38CCADEF1ABB36A40058125A /* Debug */,
				38CCADF01ABB36A40058125A /* Release */,
			);
			defaultConfigurationIsVisible = 0;
			defaultConfigurationName = Release;
		};
		38CCADF11ABB36A40058125A /* Build configuration list for PBXNativeTarget "LunchBrokeTests" */ = {
			isa = XCConfigurationList;
			buildConfigurations = (
				38CCADF21ABB36A40058125A /* Debug */,
				38CCADF31ABB36A40058125A /* Release */,
			);
			defaultConfigurationIsVisible = 0;
			defaultConfigurationName = Release;
		};
/* End XCConfigurationList section */
	};
	rootObject = 38CCADC31ABB36A40058125A /* Project object */;
}
